
Microsoft Visual Studio Solution File, Format Version 12.00
# Visual Studio Version 17
VisualStudioVersion = 17.14.36915.13 d17.14
MinimumVisualStudioVersion = 10.0.40219.1
Project("{FAE04EC0-301F-11D3-BF4B-00C04F79EFBC}") = "azfunc_cosmos_create_invoice", "azfunc_cosmos_create_invoice.csproj", "{0B553E5F-8889-4559-8D2F-6E0121A1511E}"
EndProject
Global
	GlobalSection(SolutionConfigurationPlatforms) = preSolution
		Debug|Any CPU = Debug|Any CPU
		Release|Any CPU = Release|Any CPU
	EndGlobalSection
	GlobalSection(ProjectConfigurationPlatforms) = postSolution
		{0B553E5F-8889-4559-8D2F-6E0121A1511E}.Debug|Any CPU.ActiveCfg = Debug|Any CPU
		{0B553E5F-8889-4559-8D2F-6E0121A1511E}.Debug|Any CPU.Build.0 = Debug|Any CPU
		{0B553E5F-8889-4559-8D2F-6E0121A1511E}.Release|Any CPU.ActiveCfg = Release|Any CPU
		{0B553E5F-8889-4559-8D2F-6E0121A1511E}.Release|Any CPU.Build.0 = Release|Any CPU
	EndGlobalSection
	GlobalSection(SolutionProperties) = preSolution
		HideSolutionNode = FALSE
	EndGlobalSection
	GlobalSection(ExtensibilityGlobals) = postSolution
		SolutionGuid = {E226637C-DDBA-4DF6-9EB9-D9DE8F026E9D}
	EndGlobalSection
EndGlobal
